
Microsoft Visual Studio Solution File, Format Version 12.00
# Visual Studio 15
VisualStudioVersion = 15.0.28010.2026
MinimumVisualStudioVersion = 10.0.40219.1
Project("{FAE04EC0-301F-11D3-BF4B-00C04F79EFBC}") = "AspnetCore.WeChat.Login", "AspnetCore.WeChat.Login\AspnetCore.WeChat.Login.csproj", "{AB831866-7EC7-488C-BA77-818D19C481E0}"
EndProject
Global
	GlobalSection(SolutionConfigurationPlatforms) = preSolution
		Debug|Any CPU = Debug|Any CPU
		Release|Any CPU = Release|Any CPU
	EndGlobalSection
	GlobalSection(ProjectConfigurationPlatforms) = postSolution
		{AB831866-7EC7-488C-BA77-818D19C481E0}.Debug|Any CPU.ActiveCfg = Debug|Any CPU
		{AB831866-7EC7-488C-BA77-818D19C481E0}.Debug|Any CPU.Build.0 = Debug|Any CPU
		{AB831866-7EC7-488C-BA77-818D19C481E0}.Release|Any CPU.ActiveCfg = Release|Any CPU
		{AB831866-7EC7-488C-BA77-818D19C481E0}.Release|Any CPU.Build.0 = Release|Any CPU
	EndGlobalSection
	GlobalSection(SolutionProperties) = preSolution
		HideSolutionNode = FALSE
	EndGlobalSection
	GlobalSection(ExtensibilityGlobals) = postSolution
		SolutionGuid = {D0E62A3F-2BC7-401A-94E8-2730F8DCF594}
	EndGlobalSection
EndGlobal
